# This file is autogenerated, do not edit; changes may be undone by the next 'dep ensure'.


[[projects]]
  digest = "1:ffe9824d294da03b391f44e1ae8281281b4afc1bdaa9588c9097785e3af10cec"
  name = "github.com/davecgh/go-spew"
  packages = ["spew"]
  pruneopts = "NUT"
  revision = "8991bc29aa16c548c550c7ff78260e27b9ab7c73"
  version = "v1.1.1"

[[projects]]
  digest = "1:7a6852b35eb5bbc184561443762d225116ae630c26a7c4d90546619f1e7d2ad2"
  name = "github.com/dgrijalva/jwt-go"
  packages = ["."]
  pruneopts = "NUT"
  revision = "06ea1031745cb8b3dab3f6a236daf2b0aa468b7e"
  version = "v3.2.0"

[[projects]]
  branch = "master"
  digest = "1:b792ca62f4973ab6938f9e63a6f45569efc1cb26ad7b6cf1786a89c535132b6a"
  name = "github.com/fortytw2/dockertest"
  packages = ["."]
  pruneopts = "NUT"
  revision = "a73397bdeff4b713648d4b2e7fc655eb9a85fb6b"

[[projects]]
  digest = "1:7e5aca655482da034b9128b1cbc110082725d7d6fde5436df234cc70780889cc"
  name = "github.com/go-pg/pg"
  packages = [
    ".",
    "internal",
    "internal/parser",
    "internal/pool",
    "orm",
    "types",
  ]
  pruneopts = "NUT"
  revision = "ae5d5e7df4b2e598390e10b66b849c6af94f092b"
  version = "v6.15.1"

[[projects]]
  digest = "1:1c109e91a99627f9c80e8794d80773c8532dfcf234b45cdb6a6388b30a5bb5e7"
  name = "github.com/go-playground/locales"
  packages = [
    ".",
    "currency",
  ]
  pruneopts = "NUT"
  revision = "f63010822830b6fe52288ee52d5a1151088ce039"
  version = "v0.12.1"

[[projects]]
  digest = "1:1683152827ebac377858b53a6ad0be90fb1711061c7e580c5dc719834a349162"
  name = "github.com/go-playground/universal-translator"
  packages = ["."]
  pruneopts = "NUT"
  revision = "b32fa301c9fe55953584134cb6853a13c87ec0a1"
  version = "v0.16.0"

[[projects]]
  digest = "1:4d6110f3aa6f40b56e3d03b90030db9628247fb1c9c19495d9fe46a62a119562"
  name = "github.com/go-playground/validator"
  packages = ["."]
  pruneopts = "NUT"
  revision = "f8af4b15dbe132b53d3a53e7c3724271040e82e7"
  version = "v9.21.1"

[[projects]]
  branch = "master"
  digest = "1:802f75230c29108e787d40679f9bf5da1a5673eaf5c10eb89afd993e18972909"
  name = "github.com/jinzhu/inflection"
  packages = ["."]
  pruneopts = "NUT"
  revision = "04140366298a54a039076d798123ffa108fff46c"

[[projects]]
  digest = "1:0f7251e66e237eff3aa62a70890f67a3364b4a77c3a496f18773d6cd4b50938c"
  name = "github.com/labstack/echo"
  packages = [
    ".",
    "middleware",
  ]
  pruneopts = "NUT"
  revision = "1abaa3049251d17932e4313c2d6165073fd07fd8"
  version = "v3.3.6"

[[projects]]
  digest = "1:42ecba6280172b66005991519361e5c0505d89f9685c0d4311f9ec546610d453"
  name = "github.com/labstack/gommon"
  packages = [
    "bytes",
    "color",
    "log",
    "random",
  ]
  pruneopts = "NUT"
  revision = "2a618302b929cc20862dda3aa6f02f64dbe740dd"
  version = "v0.2.7"

[[projects]]
  branch = "master"
  digest = "1:784d05a21c37defeaba624c1b0a55cb2c6488dbc9f456df16aab1af4928618c6"
  name = "github.com/lib/pq"
  packages = [
    ".",
    "oid",
  ]
  pruneopts = "NUT"
  revision = "9eb73efc1fcc404148b56765b0d3f61d9a5ef8ee"

[[projects]]
  digest = "1:08c231ec84231a7e23d67e4b58f975e1423695a32467a362ee55a803f9de8061"
  name = "github.com/mattn/go-colorable"
  packages = ["."]
  pruneopts = "NUT"
  revision = "167de6bfdfba052fa6b2d3664c8f5272e23c9072"
  version = "v0.0.9"

[[projects]]
  digest = "1:bffa444ca07c69c599ae5876bc18b25bfd5fa85b297ca10a25594d284a7e9c5d"
  name = "github.com/mattn/go-isatty"
  packages = ["."]
  pruneopts = "NUT"
  revision = "6ca4dbf54d38eea1a992b3c722a76a5d1c4cb25c"
  version = "v0.0.4"

[[projects]]
  digest = "1:bdfb0c1330370fa59d2cb3961dc926492888ef6c16e00c557ab66233e0f58844"
  name = "github.com/nbutton23/zxcvbn-go"
  packages = [
    ".",
    "adjacency",
    "data",
    "entropy",
    "frequency",
    "match",
    "matching",
    "scoring",
    "utils/math",
  ]
  pruneopts = "NUT"
  revision = "eafdab6b0663b4b528c35975c8b0e78be6e25261"
  version = "v0.1"

[[projects]]
  digest = "1:0028cb19b2e4c3112225cd871870f2d9cf49b9b4276531f03438a88e94be86fe"
  name = "github.com/pmezard/go-difflib"
  packages = ["difflib"]
  pruneopts = "NUT"
  revision = "792786c7400a136282c1664665ae0a8db921c6c2"
  version = "v1.0.0"

[[projects]]
  digest = "1:bacb8b590716ab7c33f2277240972c9582d389593ee8d66fc10074e0508b8126"
  name = "github.com/stretchr/testify"
  packages = ["assert"]
  pruneopts = "NUT"
  revision = "f35b8ab0b5a2cef36673838d662e249dd9c94686"
  version = "v1.2.2"

[[projects]]
  digest = "1:af354641f23332b1a8d5d361d11b5a9171589e412a67d499633706c611acc064"
  name = "github.com/valyala/bytebufferpool"
  packages = ["."]
  pruneopts = "NUT"
  revision = "e746df99fe4a3986f4d4f79e13c1e0117ce9c2f7"
  version = "v1.0.0"

[[projects]]
  branch = "master"
  digest = "1:f17377eef01c91aee2d0f93095d672bd27697c62e5546bde97f9c8412c141356"
  name = "github.com/valyala/fasttemplate"
  packages = ["."]
  pruneopts = "NUT"
  revision = "dcecefd839c4193db0d35b88ec65b4c12d360ab0"

[[projects]]
  branch = "master"
  digest = "1:6374bcd21e1c7e962a8d2b99fdf8e0184b5be7601f29041fa5e07e1a245ea457"
  name = "golang.org/x/crypto"
  packages = [
    "acme",
    "acme/autocert",
    "bcrypt",
    "blowfish",
    "pbkdf2",
  ]
  pruneopts = "NUT"
  revision = "dab2b1051b5dd33a57e97c4774ed152e6a6c9a13"

[[projects]]
  branch = "master"
  digest = "1:3393dbc238e6b9c79779c9228b967039d260fd7fc91974b2f58ae25aee3bb4f5"
  name = "golang.org/x/sys"
  packages = ["unix"]
  pruneopts = "NUT"
  revision = "95b1ffbd15a57cc5abb3f04402b9e8ec0016a52c"

[[projects]]
  digest = "1:7c95b35057a0ff2e19f707173cc1a947fa43a6eb5c4d300d196ece0334046082"
  name = "gopkg.in/yaml.v2"
  packages = ["."]
  pruneopts = "NUT"
  revision = "5420a8b6744d3b0345ab293f6fcba19c978f1183"
  version = "v2.2.1"

[[projects]]
  digest = "1:7a568962d9a096530b96beae746a1bb0a77498dc4e14fedf9cc8946089635fe9"
  name = "mellium.im/sasl"
  packages = ["."]
  pruneopts = "NUT"
  revision = "e58e780e1378aa4df5dc705364ff5ae9a4dd1e04"
  version = "v0.2.1"

[solve-meta]
  analyzer-name = "dep"
  analyzer-version = 1
  input-imports = [
    "github.com/dgrijalva/jwt-go",
    "github.com/fortytw2/dockertest",
    "github.com/go-pg/pg",
    "github.com/go-pg/pg/orm",
    "github.com/go-playground/validator",
    "github.com/labstack/echo",
    "github.com/labstack/echo/middleware",
    "github.com/lib/pq",
    "github.com/nbutton23/zxcvbn-go",
    "github.com/stretchr/testify/assert",
    "golang.org/x/crypto/bcrypt",
    "gopkg.in/yaml.v2",
  ]
  solver-name = "gps-cdcl"
  solver-version = 1
